
Microsoft Visual Studio Solution File, Format Version 12.00
# Visual Studio Version 17
VisualStudioVersion = 17.13.35931.197 d17.13
MinimumVisualStudioVersion = 10.0.40219.1
Project("{FAE04EC0-301F-11D3-BF4B-00C04F79EFBC}") = "ExampleStudent", "ExampleStudent\ExampleStudent.csproj", "{2B6EA50B-DCC1-4C42-9DCE-E16110616C3A}"
EndProject
Global
	GlobalSection(SolutionConfigurationPlatforms) = preSolution
		Debug|Any CPU = Debug|Any CPU
		Release|Any CPU = Release|Any CPU
	EndGlobalSection
	GlobalSection(ProjectConfigurationPlatforms) = postSolution
		{2B6EA50B-DCC1-4C42-9DCE-E16110616C3A}.Debug|Any CPU.ActiveCfg = Debug|Any CPU
		{2B6EA50B-DCC1-4C42-9DCE-E16110616C3A}.Debug|Any CPU.Build.0 = Debug|Any CPU
		{2B6EA50B-DCC1-4C42-9DCE-E16110616C3A}.Release|Any CPU.ActiveCfg = Release|Any CPU
		{2B6EA50B-DCC1-4C42-9DCE-E16110616C3A}.Release|Any CPU.Build.0 = Release|Any CPU
	EndGlobalSection
	GlobalSection(SolutionProperties) = preSolution
		HideSolutionNode = FALSE
	EndGlobalSection
	GlobalSection(ExtensibilityGlobals) = postSolution
		SolutionGuid = {A3397E45-C1A1-448A-932D-F66D079EC3DE}
	EndGlobalSection
EndGlobal
